// !$*UTF8*$!
{
	archiveVersion = 1;
	classes = {
	};
	objectVersion = 48;
	objects = {

/* Begin PBXBuildFile section */
		04919BF5200525A600414879 /* AppDelegate.m in Sources */ = {isa = PBXBuildFile; fileRef = 04919BF4200525A600414879 /* AppDelegate.m */; };
		04919BFB200525A600414879 /* Main.storyboard in Resources */ = {isa = PBXBuildFile; fileRef = 04919BF9200525A600414879 /* Main.storyboard */; };
		04919BFD200525A600414879 /* Assets.xcassets in Resources */ = {isa = PBXBuildFile; fileRef = 04919BFC200525A600414879 /* Assets.xcassets */; };
		04919C00200525A600414879 /* LaunchScreen.storyboard in Resources */ = {isa = PBXBuildFile; fileRef = 04919BFE200525A600414879 /* LaunchScreen.storyboard */; };
		04919C03200525A600414879 /* main.m in Sources */ = {isa = PBXBuildFile; fileRef = 04919C02200525A600414879 /* main.m */; };
		04919C0D200525A700414879 /* NearbyTrendingTests.m in Sources */ = {isa = PBXBuildFile; fileRef = 04919C0C200525A700414879 /* NearbyTrendingTests.m */; };
		04919C18200525A700414879 /* NearbyTrendingUITests.m in Sources */ = {isa = PBXBuildFile; fileRef = 04919C17200525A700414879 /* NearbyTrendingUITests.m */; };
		04919C282005263000414879 /* HomeViewController.m in Sources */ = {isa = PBXBuildFile; fileRef = 04919C272005263000414879 /* HomeViewController.m */; };
		04919C3120052DDB00414879 /* Venue.m in Sources */ = {isa = PBXBuildFile; fileRef = 04919C3020052DDB00414879 /* Venue.m */; };
		04919C372005349600414879 /* SearchVenues.m in Sources */ = {isa = PBXBuildFile; fileRef = 04919C362005349600414879 /* SearchVenues.m */; };
		04919C3A200534AA00414879 /* GetTrendingVenues.m in Sources */ = {isa = PBXBuildFile; fileRef = 04919C39200534AA00414879 /* GetTrendingVenues.m */; };
		04919C422005479800414879 /* VenueTableViewCell.m in Sources */ = {isa = PBXBuildFile; fileRef = 04919C402005479700414879 /* VenueTableViewCell.m */; };
		04919C432005479800414879 /* VenueTableViewCell.xib in Resources */ = {isa = PBXBuildFile; fileRef = 04919C412005479700414879 /* VenueTableViewCell.xib */; };
		04919C4620055D3400414879 /* UserLocationManager.m in Sources */ = {isa = PBXBuildFile; fileRef = 04919C4520055D3400414879 /* UserLocationManager.m */; };
		04919C4920055F9500414879 /* CoreLocation.framework in Frameworks */ = {isa = PBXBuildFile; fileRef = 04919C4820055F9500414879 /* CoreLocation.framework */; };
		04919C4C2005ED6300414879 /* FSCachingManager.m in Sources */ = {isa = PBXBuildFile; fileRef = 04919C4B2005ED6300414879 /* FSCachingManager.m */; };
/* End PBXBuildFile section */

/* Begin PBXContainerItemProxy section */
		04919C09200525A700414879 /* PBXContainerItemProxy */ = {
			isa = PBXContainerItemProxy;
			containerPortal = 04919BE8200525A600414879 /* Project object */;
			proxyType = 1;
			remoteGlobalIDString = 04919BEF200525A600414879;
			remoteInfo = NearbyTrending;
		};
		04919C14200525A700414879 /* PBXContainerItemProxy */ = {
			isa = PBXContainerItemProxy;
			containerPortal = 04919BE8200525A600414879 /* Project object */;
			proxyType = 1;
			remoteGlobalIDString = 04919BEF200525A600414879;
			remoteInfo = NearbyTrending;
		};
/* End PBXContainerItemProxy section */

/* Begin PBXFileReference section */
		04919BF0200525A600414879 /* NearbyTrending.app */ = {isa = PBXFileReference; explicitFileType = wrapper.application; includeInIndex = 0; path = NearbyTrending.app; sourceTree = BUILT_PRODUCTS_DIR; };
		04919BF3200525A600414879 /* AppDelegate.h */ = {isa = PBXFileReference; lastKnownFileType = sourcecode.c.h; path = AppDelegate.h; sourceTree = "<group>"; };
		04919BF4200525A600414879 /* AppDelegate.m */ = {isa = PBXFileReference; lastKnownFileType = sourcecode.c.objc; path = AppDelegate.m; sourceTree = "<group>"; };
		04919BFA200525A600414879 /* Base */ = {isa = PBXFileReference; lastKnownFileType = file.storyboard; name = Base; path = Base.lproj/Main.storyboard; sourceTree = "<group>"; };
		04919BFC200525A600414879 /* Assets.xcassets */ = {isa = PBXFileReference; lastKnownFileType = folder.assetcatalog; path = Assets.xcassets; sourceTree = "<group>"; };
		04919BFF200525A600414879 /* Base */ = {isa = PBXFileReference; lastKnownFileType = file.storyboard; name = Base; path = Base.lproj/LaunchScreen.storyboard; sourceTree = "<group>"; };
		04919C01200525A600414879 /* Info.plist */ = {isa = PBXFileReference; lastKnownFileType = text.plist.xml; path = Info.plist; sourceTree = "<group>"; };
		04919C02200525A600414879 /* main.m */ = {isa = PBXFileReference; lastKnownFileType = sourcecode.c.objc; path = main.m; sourceTree = "<group>"; };
		04919C08200525A700414879 /* NearbyTrendingTests.xctest */ = {isa = PBXFileReference; explicitFileType = wrapper.cfbundle; includeInIndex = 0; path = NearbyTrendingTests.xctest; sourceTree = BUILT_PRODUCTS_DIR; };
		04919C0C200525A700414879 /* NearbyTrendingTests.m */ = {isa = PBXFileReference; lastKnownFileType = sourcecode.c.objc; path = NearbyTrendingTests.m; sourceTree = "<group>"; };
		04919C0E200525A700414879 /* Info.plist */ = {isa = PBXFileReference; lastKnownFileType = text.plist.xml; path = Info.plist; sourceTree = "<group>"; };
		04919C13200525A700414879 /* NearbyTrendingUITests.xctest */ = {isa = PBXFileReference; explicitFileType = wrapper.cfbundle; includeInIndex = 0; path = NearbyTrendingUITests.xctest; sourceTree = BUILT_PRODUCTS_DIR; };
		04919C17200525A700414879 /* NearbyTrendingUITests.m */ = {isa = PBXFileReference; lastKnownFileType = sourcecode.c.objc; path = NearbyTrendingUITests.m; sourceTree = "<group>"; };
		04919C19200525A700414879 /* Info.plist */ = {isa = PBXFileReference; lastKnownFileType = text.plist.xml; path = Info.plist; sourceTree = "<group>"; };
		04919C262005263000414879 /* HomeViewController.h */ = {isa = PBXFileReference; lastKnownFileType = sourcecode.c.h; path = HomeViewController.h; sourceTree = "<group>"; };
		04919C272005263000414879 /* HomeViewController.m */ = {isa = PBXFileReference; lastKnownFileType = sourcecode.c.objc; path = HomeViewController.m; sourceTree = "<group>"; };
		04919C2F20052DDB00414879 /* Venue.h */ = {isa = PBXFileReference; lastKnownFileType = sourcecode.c.h; path = Venue.h; sourceTree = "<group>"; };
		04919C3020052DDB00414879 /* Venue.m */ = {isa = PBXFileReference; lastKnownFileType = sourcecode.c.objc; path = Venue.m; sourceTree = "<group>"; };
		04919C352005349600414879 /* SearchVenues.h */ = {isa = PBXFileReference; lastKnownFileType = sourcecode.c.h; path = SearchVenues.h; sourceTree = "<group>"; };
		04919C362005349600414879 /* SearchVenues.m */ = {isa = PBXFileReference; lastKnownFileType = sourcecode.c.objc; path = SearchVenues.m; sourceTree = "<group>"; };
		04919C38200534AA00414879 /* GetTrendingVenues.h */ = {isa = PBXFileReference; lastKnownFileType = sourcecode.c.h; path = GetTrendingVenues.h; sourceTree = "<group>"; };
		04919C39200534AA00414879 /* GetTrendingVenues.m */ = {isa = PBXFileReference; lastKnownFileType = sourcecode.c.objc; path = GetTrendingVenues.m; sourceTree = "<group>"; };
		04919C3B200535BA00414879 /* APIObjectDelegate.h */ = {isa = PBXFileReference; lastKnownFileType = sourcecode.c.h; path = APIObjectDelegate.h; sourceTree = "<group>"; };
		04919C3F2005479700414879 /* VenueTableViewCell.h */ = {isa = PBXFileReference; lastKnownFileType = sourcecode.c.h; path = VenueTableViewCell.h; sourceTree = "<group>"; };
		04919C402005479700414879 /* VenueTableViewCell.m */ = {isa = PBXFileReference; lastKnownFileType = sourcecode.c.objc; path = VenueTableViewCell.m; sourceTree = "<group>"; };
		04919C412005479700414879 /* VenueTableViewCell.xib */ = {isa = PBXFileReference; lastKnownFileType = file.xib; path = VenueTableViewCell.xib; sourceTree = "<group>"; };
		04919C4420055D3400414879 /* UserLocationManager.h */ = {isa = PBXFileReference; lastKnownFileType = sourcecode.c.h; path = UserLocationManager.h; sourceTree = "<group>"; };
		04919C4520055D3400414879 /* UserLocationManager.m */ = {isa = PBXFileReference; lastKnownFileType = sourcecode.c.objc; path = UserLocationManager.m; sourceTree = "<group>"; };
		04919C4820055F9500414879 /* CoreLocation.framework */ = {isa = PBXFileReference; lastKnownFileType = wrapper.framework; name = CoreLocation.framework; path = System/Library/Frameworks/CoreLocation.framework; sourceTree = SDKROOT; };
		04919C4A2005ED6300414879 /* FSCachingManager.h */ = {isa = PBXFileReference; lastKnownFileType = sourcecode.c.h; path = FSCachingManager.h; sourceTree = "<group>"; };
		04919C4B2005ED6300414879 /* FSCachingManager.m */ = {isa = PBXFileReference; lastKnownFileType = sourcecode.c.objc; path = FSCachingManager.m; sourceTree = "<group>"; };
/* End PBXFileReference section */

/* Begin PBXFrameworksBuildPhase section */
		04919BED200525A600414879 /* Frameworks */ = {
			isa = PBXFrameworksBuildPhase;
			buildActionMask = 2147483647;
			files = (
				04919C4920055F9500414879 /* CoreLocation.framework in Frameworks */,
			);
			runOnlyForDeploymentPostprocessing = 0;
		};
		04919C05200525A700414879 /* Frameworks */ = {
			isa = PBXFrameworksBuildPhase;
			buildActionMask = 2147483647;
			files = (
			);
			runOnlyForDeploymentPostprocessing = 0;
		};
		04919C10200525A700414879 /* Frameworks */ = {
			isa = PBXFrameworksBuildPhase;
			buildActionMask = 2147483647;
			files = (
			);
			runOnlyForDeploymentPostprocessing = 0;
		};
/* End PBXFrameworksBuildPhase section */

/* Begin PBXGroup section */
		04919BE7200525A600414879 = {
			isa = PBXGroup;
			children = (
				04919BF2200525A600414879 /* NearbyTrending */,
				04919C0B200525A700414879 /* NearbyTrendingTests */,
				04919C16200525A700414879 /* NearbyTrendingUITests */,
				04919BF1200525A600414879 /* Products */,
				04919C4720055F9400414879 /* Frameworks */,
			);
			sourceTree = "<group>";
		};
		04919BF1200525A600414879 /* Products */ = {
			isa = PBXGroup;
			children = (
				04919BF0200525A600414879 /* NearbyTrending.app */,
				04919C08200525A700414879 /* NearbyTrendingTests.xctest */,
				04919C13200525A700414879 /* NearbyTrendingUITests.xctest */,
			);
			name = Products;
			sourceTree = "<group>";
		};
		04919BF2200525A600414879 /* NearbyTrending */ = {
			isa = PBXGroup;
			children = (
				04919C2B20052BE800414879 /* HelperClasses */,
				04919C2A2005266E00414879 /* Views */,
				04919C292005265800414879 /* Models */,
				04919C252005261100414879 /* ViewControllers */,
				04919BF3200525A600414879 /* AppDelegate.h */,
				04919BF4200525A600414879 /* AppDelegate.m */,
				04919BF9200525A600414879 /* Main.storyboard */,
				04919BFC200525A600414879 /* Assets.xcassets */,
				04919BFE200525A600414879 /* LaunchScreen.storyboard */,
				04919C01200525A600414879 /* Info.plist */,
				04919C02200525A600414879 /* main.m */,
			);
			path = NearbyTrending;
			sourceTree = "<group>";
		};
		04919C0B200525A700414879 /* NearbyTrendingTests */ = {
			isa = PBXGroup;
			children = (
				04919C0C200525A700414879 /* NearbyTrendingTests.m */,
				04919C0E200525A700414879 /* Info.plist */,
			);
			path = NearbyTrendingTests;
			sourceTree = "<group>";
		};
		04919C16200525A700414879 /* NearbyTrendingUITests */ = {
			isa = PBXGroup;
			children = (
				04919C17200525A700414879 /* NearbyTrendingUITests.m */,
				04919C19200525A700414879 /* Info.plist */,
			);
			path = NearbyTrendingUITests;
			sourceTree = "<group>";
		};
		04919C252005261100414879 /* ViewControllers */ = {
			isa = PBXGroup;
			children = (
				04919C262005263000414879 /* HomeViewController.h */,
				04919C272005263000414879 /* HomeViewController.m */,
			);
			path = ViewControllers;
			sourceTree = "<group>";
		};
		04919C292005265800414879 /* Models */ = {
			isa = PBXGroup;
			children = (
				04919C2F20052DDB00414879 /* Venue.h */,
				04919C3020052DDB00414879 /* Venue.m */,
			);
			path = Models;
			sourceTree = "<group>";
		};
		04919C2A2005266E00414879 /* Views */ = {
			isa = PBXGroup;
			children = (
				04919C3F2005479700414879 /* VenueTableViewCell.h */,
				04919C402005479700414879 /* VenueTableViewCell.m */,
				04919C412005479700414879 /* VenueTableViewCell.xib */,
			);
			path = Views;
			sourceTree = "<group>";
		};
		04919C2B20052BE800414879 /* HelperClasses */ = {
			isa = PBXGroup;
			children = (
				04919C352005349600414879 /* SearchVenues.h */,
				04919C362005349600414879 /* SearchVenues.m */,
				04919C38200534AA00414879 /* GetTrendingVenues.h */,
				04919C39200534AA00414879 /* GetTrendingVenues.m */,
				04919C3B200535BA00414879 /* APIObjectDelegate.h */,
				04919C4420055D3400414879 /* UserLocationManager.h */,
				04919C4520055D3400414879 /* UserLocationManager.m */,
				04919C4A2005ED6300414879 /* FSCachingManager.h */,
				04919C4B2005ED6300414879 /* FSCachingManager.m */,
			);
			path = HelperClasses;
			sourceTree = "<group>";
		};
		04919C4720055F9400414879 /* Frameworks */ = {
			isa = PBXGroup;
			children = (
				04919C4820055F9500414879 /* CoreLocation.framework */,
			);
			name = Frameworks;
			sourceTree = "<group>";
		};
/* End PBXGroup section */

/* Begin PBXNativeTarget section */
		04919BEF200525A600414879 /* NearbyTrending */ = {
			isa = PBXNativeTarget;
			buildConfigurationList = 04919C1C200525A700414879 /* Build configuration list for PBXNativeTarget "NearbyTrending" */;
			buildPhases = (
				04919BEC200525A600414879 /* Sources */,
				04919BED200525A600414879 /* Frameworks */,
				04919BEE200525A600414879 /* Resources */,
			);
			buildRules = (
			);
			dependencies = (
			);
			name = NearbyTrending;
			productName = NearbyTrending;
			productReference = 04919BF0200525A600414879 /* NearbyTrending.app */;
			productType = "com.apple.product-type.application";
		};
		04919C07200525A700414879 /* NearbyTrendingTests */ = {
			isa = PBXNativeTarget;
			buildConfigurationList = 04919C1F200525A700414879 /* Build configuration list for PBXNativeTarget "NearbyTrendingTests" */;
			buildPhases = (
				04919C04200525A700414879 /* Sources */,
				04919C05200525A700414879 /* Frameworks */,
				04919C06200525A700414879 /* Resources */,
			);
			buildRules = (
			);
			dependencies = (
				04919C0A200525A700414879 /* PBXTargetDependency */,
			);
			name = NearbyTrendingTests;
			productName = NearbyTrendingTests;
			productReference = 04919C08200525A700414879 /* NearbyTrendingTests.xctest */;
			productType = "com.apple.product-type.bundle.unit-test";
		};
		04919C12200525A700414879 /* NearbyTrendingUITests */ = {
			isa = PBXNativeTarget;
			buildConfigurationList = 04919C22200525A700414879 /* Build configuration list for PBXNativeTarget "NearbyTrendingUITests" */;
			buildPhases = (
				04919C0F200525A700414879 /* Sources */,
				04919C10200525A700414879 /* Frameworks */,
				04919C11200525A700414879 /* Resources */,
			);
			buildRules = (
			);
			dependencies = (
				04919C15200525A700414879 /* PBXTargetDependency */,
			);
			name = NearbyTrendingUITests;
			productName = NearbyTrendingUITests;
			productReference = 04919C13200525A700414879 /* NearbyTrendingUITests.xctest */;
			productType = "com.apple.product-type.bundle.ui-testing";
		};
/* End PBXNativeTarget section */

/* Begin PBXProject section */
		04919BE8200525A600414879 /* Project object */ = {
			isa = PBXProject;
			attributes = {
				LastUpgradeCheck = 0920;
				ORGANIZATIONNAME = "Anil Bunkar";
				TargetAttributes = {
					04919BEF200525A600414879 = {
						CreatedOnToolsVersion = 9.2;
						ProvisioningStyle = Automatic;
					};
					04919C07200525A700414879 = {
						CreatedOnToolsVersion = 9.2;
						ProvisioningStyle = Automatic;
						TestTargetID = 04919BEF200525A600414879;
					};
					04919C12200525A700414879 = {
						CreatedOnToolsVersion = 9.2;
						ProvisioningStyle = Automatic;
						TestTargetID = 04919BEF200525A600414879;
					};
				};
			};
			buildConfigurationList = 04919BEB200525A600414879 /* Build configuration list for PBXProject "NearbyTrending" */;
			compatibilityVersion = "Xcode 8.0";
			developmentRegion = en;
			hasScannedForEncodings = 0;
			knownRegions = (
				en,
				Base,
			);
			mainGroup = 04919BE7200525A600414879;
			productRefGroup = 04919BF1200525A600414879 /* Products */;
			projectDirPath = "";
			projectRoot = "";
			targets = (
				04919BEF200525A600414879 /* NearbyTrending */,
				04919C07200525A700414879 /* NearbyTrendingTests */,
				04919C12200525A700414879 /* NearbyTrendingUITests */,
			);
		};
/* End PBXProject section */

/* Begin PBXResourcesBuildPhase section */
		04919BEE200525A600414879 /* Resources */ = {
			isa = PBXResourcesBuildPhase;
			buildActionMask = 2147483647;
			files = (
				04919C00200525A600414879 /* LaunchScreen.storyboard in Resources */,
				04919C432005479800414879 /* VenueTableViewCell.xib in Resources */,
				04919BFD200525A600414879 /* Assets.xcassets in Resources */,
				04919BFB200525A600414879 /* Main.storyboard in Resources */,
			);
			runOnlyForDeploymentPostprocessing = 0;
		};
		04919C06200525A700414879 /* Resources */ = {
			isa = PBXResourcesBuildPhase;
			buildActionMask = 2147483647;
			files = (
			);
			runOnlyForDeploymentPostprocessing = 0;
		};
		04919C11200525A700414879 /* Resources */ = {
			isa = PBXResourcesBuildPhase;
			buildActionMask = 2147483647;
			files = (
			);
			runOnlyForDeploymentPostprocessing = 0;
		};
/* End PBXResourcesBuildPhase section */

/* Begin PBXSourcesBuildPhase section */
		04919BEC200525A600414879 /* Sources */ = {
			isa = PBXSourcesBuildPhase;
			buildActionMask = 2147483647;
			files = (
				04919C372005349600414879 /* SearchVenues.m in Sources */,
				04919C03200525A600414879 /* main.m in Sources */,
				04919BF5200525A600414879 /* AppDelegate.m in Sources */,
				04919C4620055D3400414879 /* UserLocationManager.m in Sources */,
				04919C282005263000414879 /* HomeViewController.m in Sources */,
				04919C3120052DDB00414879 /* Venue.m in Sources */,
				04919C422005479800414879 /* VenueTableViewCell.m in Sources */,
				04919C3A200534AA00414879 /* GetTrendingVenues.m in Sources */,
				04919C4C2005ED6300414879 /* FSCachingManager.m in Sources */,
			);
			runOnlyForDeploymentPostprocessing = 0;
		};
		04919C04200525A700414879 /* Sources */ = {
			isa = PBXSourcesBuildPhase;
			buildActionMask = 2147483647;
			files = (
				04919C0D200525A700414879 /* NearbyTrendingTests.m in Sources */,
			);
			runOnlyForDeploymentPostprocessing = 0;
		};
		04919C0F200525A700414879 /* Sources */ = {
			isa = PBXSourcesBuildPhase;
			buildActionMask = 2147483647;
			files = (
				04919C18200525A700414879 /* NearbyTrendingUITests.m in Sources */,
			);
			runOnlyForDeploymentPostprocessing = 0;
		};
/* End PBXSourcesBuildPhase section */

/* Begin PBXTargetDependency section */
		04919C0A200525A700414879 /* PBXTargetDependency */ = {
			isa = PBXTargetDependency;
			target = 04919BEF200525A600414879 /* NearbyTrending */;
			targetProxy = 04919C09200525A700414879 /* PBXContainerItemProxy */;
		};
		04919C15200525A700414879 /* PBXTargetDependency */ = {
			isa = PBXTargetDependency;
			target = 04919BEF200525A600414879 /* NearbyTrending */;
			targetProxy = 04919C14200525A700414879 /* PBXContainerItemProxy */;
		};
/* End PBXTargetDependency section */

/* Begin PBXVariantGroup section */
		04919BF9200525A600414879 /* Main.storyboard */ = {
			isa = PBXVariantGroup;
			children = (
				04919BFA200525A600414879 /* Base */,
			);
			name = Main.storyboard;
			sourceTree = "<group>";
		};
		04919BFE200525A600414879 /* LaunchScreen.storyboard */ = {
			isa = PBXVariantGroup;
			children = (
				04919BFF200525A600414879 /* Base */,
			);
			name = LaunchScreen.storyboard;
			sourceTree = "<group>";
		};
/* End PBXVariantGroup section */

/* Begin XCBuildConfiguration section */
		04919C1A200525A700414879 /* Debug */ = {
			isa = XCBuildConfiguration;
			buildSettings = {
				ALWAYS_SEARCH_USER_PATHS = NO;
				CLANG_ANALYZER_NONNULL = YES;
				CLANG_ANALYZER_NUMBER_OBJECT_CONVERSION = YES_AGGRESSIVE;
				CLANG_CXX_LANGUAGE_STANDARD = "gnu++14";
				CLANG_CXX_LIBRARY = "libc++";
				CLANG_ENABLE_MODULES = YES;
				CLANG_ENABLE_OBJC_ARC = YES;
				CLANG_WARN_BLOCK_CAPTURE_AUTORELEASING = YES;
				CLANG_WARN_BOOL_CONVERSION = YES;
				CLANG_WARN_COMMA = YES;
				CLANG_WARN_CONSTANT_CONVERSION = YES;
				CLANG_WARN_DIRECT_OBJC_ISA_USAGE = YES_ERROR;
				CLANG_WARN_DOCUMENTATION_COMMENTS = YES;
				CLANG_WARN_EMPTY_BODY = YES;
				CLANG_WARN_ENUM_CONVERSION = YES;
				CLANG_WARN_INFINITE_RECURSION = YES;
				CLANG_WARN_INT_CONVERSION = YES;
				CLANG_WARN_NON_LITERAL_NULL_CONVERSION = YES;
				CLANG_WARN_OBJC_LITERAL_CONVERSION = YES;
				CLANG_WARN_OBJC_ROOT_CLASS = YES_ERROR;
				CLANG_WARN_RANGE_LOOP_ANALYSIS = YES;
				CLANG_WARN_STRICT_PROTOTYPES = YES;
				CLANG_WARN_SUSPICIOUS_MOVE = YES;
				CLANG_WARN_UNGUARDED_AVAILABILITY = YES_AGGRESSIVE;
				CLANG_WARN_UNREACHABLE_CODE = YES;
				CLANG_WARN__DUPLICATE_METHOD_MATCH = YES;
				CODE_SIGN_IDENTITY = "iPhone Developer";
				COPY_PHASE_STRIP = NO;
				DEBUG_INFORMATION_FORMAT = dwarf;
				ENABLE_STRICT_OBJC_MSGSEND = YES;
				ENABLE_TESTABILITY = YES;
				GCC_C_LANGUAGE_STANDARD = gnu11;
				GCC_DYNAMIC_NO_PIC = NO;
				GCC_NO_COMMON_BLOCKS = YES;
				GCC_OPTIMIZATION_LEVEL = 0;
				GCC_PREPROCESSOR_DEFINITIONS = (
					"DEBUG=1",
					"$(inherited)",
				);
				GCC_WARN_64_TO_32_BIT_CONVERSION = YES;
				GCC_WARN_ABOUT_RETURN_TYPE = YES_ERROR;
				GCC_WARN_UNDECLARED_SELECTOR = YES;
				GCC_WARN_UNINITIALIZED_AUTOS = YES_AGGRESSIVE;
				GCC_WARN_UNUSED_FUNCTION = YES;
				GCC_WARN_UNUSED_VARIABLE = YES;
				IPHONEOS_DEPLOYMENT_TARGET = 11.2;
				MTL_ENABLE_DEBUG_INFO = YES;
				ONLY_ACTIVE_ARCH = YES;
				SDKROOT = iphoneos;
			};
			name = Debug;
		};
		04919C1B200525A700414879 /* Release */ = {
			isa = XCBuildConfiguration;
			buildSettings = {
				ALWAYS_SEARCH_USER_PATHS = NO;
				CLANG_ANALYZER_NONNULL = YES;
				CLANG_ANALYZER_NUMBER_OBJECT_CONVERSION = YES_AGGRESSIVE;
				CLANG_CXX_LANGUAGE_STANDARD = "gnu++14";
				CLANG_CXX_LIBRARY = "libc++";
				CLANG_ENABLE_MODULES = YES;
				CLANG_ENABLE_OBJC_ARC = YES;
				CLANG_WARN_BLOCK_CAPTURE_AUTORELEASING = YES;
				CLANG_WARN_BOOL_CONVERSION = YES;
				CLANG_WARN_COMMA = YES;
				CLANG_WARN_CONSTANT_CONVERSION = YES;
				CLANG_WARN_DIRECT_OBJC_ISA_USAGE = YES_ERROR;
				CLANG_WARN_DOCUMENTATION_COMMENTS = YES;
				CLANG_WARN_EMPTY_BODY = YES;
				CLANG_WARN_ENUM_CONVERSION = YES;
				CLANG_WARN_INFINITE_RECURSION = YES;
				CLANG_WARN_INT_CONVERSION = YES;
				CLANG_WARN_NON_LITERAL_NULL_CONVERSION = YES;
				CLANG_WARN_OBJC_LITERAL_CONVERSION = YES;
				CLANG_WARN_OBJC_ROOT_CLASS = YES_ERROR;
				CLANG_WARN_RANGE_LOOP_ANALYSIS = YES;
				CLANG_WARN_STRICT_PROTOTYPES = YES;
				CLANG_WARN_SUSPICIOUS_MOVE = YES;
				CLANG_WARN_UNGUARDED_AVAILABILITY = YES_AGGRESSIVE;
				CLANG_WARN_UNREACHABLE_CODE = YES;
				CLANG_WARN__DUPLICATE_METHOD_MATCH = YES;
				CODE_SIGN_IDENTITY = "iPhone Developer";
				COPY_PHASE_STRIP = NO;
				DEBUG_INFORMATION_FORMAT = "dwarf-with-dsym";
				ENABLE_NS_ASSERTIONS = NO;
				ENABLE_STRICT_OBJC_MSGSEND = YES;
				GCC_C_LANGUAGE_STANDARD = gnu11;
				GCC_NO_COMMON_BLOCKS = YES;
				GCC_WARN_64_TO_32_BIT_CONVERSION = YES;
				GCC_WARN_ABOUT_RETURN_TYPE = YES_ERROR;
				GCC_WARN_UNDECLARED_SELECTOR = YES;
				GCC_WARN_UNINITIALIZED_AUTOS = YES_AGGRESSIVE;
				GCC_WARN_UNUSED_FUNCTION = YES;
				GCC_WARN_UNUSED_VARIABLE = YES;
				IPHONEOS_DEPLOYMENT_TARGET = 11.2;
				MTL_ENABLE_DEBUG_INFO = NO;
				SDKROOT = iphoneos;
				VALIDATE_PRODUCT = YES;
			};
			name = Release;
		};
		04919C1D200525A700414879 /* Debug */ = {
			isa = XCBuildConfiguration;
			buildSettings = {
				ASSETCATALOG_COMPILER_APPICON_NAME = AppIcon;
				CODE_SIGN_IDENTITY = "iPhone Developer";
				CODE_SIGN_STYLE = Automatic;
				DEVELOPMENT_TEAM = Q325QSQ8ZB;
				INFOPLIST_FILE = NearbyTrending/Info.plist;
				LD_RUNPATH_SEARCH_PATHS = "$(inherited) @executable_path/Frameworks";
				PRODUCT_BUNDLE_IDENTIFIER = com.bunkar.NearbyTrending;
				PRODUCT_NAME = "$(TARGET_NAME)";
				TARGETED_DEVICE_FAMILY = "1,2";
			};
			name = Debug;
		};
		04919C1E200525A700414879 /* Release */ = {
			isa = XCBuildConfiguration;
			buildSettings = {
				ASSETCATALOG_COMPILER_APPICON_NAME = AppIcon;
				CODE_SIGN_IDENTITY = "iPhone Developer";
				CODE_SIGN_STYLE = Automatic;
				DEVELOPMENT_TEAM = Q325QSQ8ZB;
				INFOPLIST_FILE = NearbyTrending/Info.plist;
				LD_RUNPATH_SEARCH_PATHS = "$(inherited) @executable_path/Frameworks";
				PRODUCT_BUNDLE_IDENTIFIER = com.bunkar.NearbyTrending;
				PRODUCT_NAME = "$(TARGET_NAME)";
				TARGETED_DEVICE_FAMILY = "1,2";
			};
			name = Release;
		};
		04919C20200525A700414879 /* Debug */ = {
			isa = XCBuildConfiguration;
			buildSettings = {
				BUNDLE_LOADER = "$(TEST_HOST)";
				CODE_SIGN_STYLE = Automatic;
				INFOPLIST_FILE = NearbyTrendingTests/Info.plist;
				LD_RUNPATH_SEARCH_PATHS = "$(inherited) @executable_path/Frameworks @loader_path/Frameworks";
				PRODUCT_BUNDLE_IDENTIFIER = com.bunkar.NearbyTrendingTests;
				PRODUCT_NAME = "$(TARGET_NAME)";
				TARGETED_DEVICE_FAMILY = "1,2";
				TEST_HOST = "$(BUILT_PRODUCTS_DIR)/NearbyTrending.app/NearbyTrending";
			};
			name = Debug;
		};
		04919C21200525A700414879 /* Release */ = {
			isa = XCBuildConfiguration;
			buildSettings = {
				BUNDLE_LOADER = "$(TEST_HOST)";
				CODE_SIGN_STYLE = Automatic;
				INFOPLIST_FILE = NearbyTrendingTests/Info.plist;
				LD_RUNPATH_SEARCH_PATHS = "$(inherited) @executable_path/Frameworks @loader_path/Frameworks";
				PRODUCT_BUNDLE_IDENTIFIER = com.bunkar.NearbyTrendingTests;
				PRODUCT_NAME = "$(TARGET_NAME)";
				TARGETED_DEVICE_FAMILY = "1,2";
				TEST_HOST = "$(BUILT_PRODUCTS_DIR)/NearbyTrending.app/NearbyTrending";
			};
			name = Release;
		};
		04919C23200525A700414879 /* Debug */ = {
			isa = XCBuildConfiguration;
			buildSettings = {
				CODE_SIGN_STYLE = Automatic;
				INFOPLIST_FILE = NearbyTrendingUITests/Info.plist;
				LD_RUNPATH_SEARCH_PATHS = "$(inherited) @executable_path/Frameworks @loader_path/Frameworks";
				PRODUCT_BUNDLE_IDENTIFIER = com.bunkar.NearbyTrendingUITests;
				PRODUCT_NAME = "$(TARGET_NAME)";
				TARGETED_DEVICE_FAMILY = "1,2";
				TEST_TARGET_NAME = NearbyTrending;
			};
			name = Debug;
		};
		04919C24200525A700414879 /* Release */ = {
			isa = XCBuildConfiguration;
			buildSettings = {
				CODE_SIGN_STYLE = Automatic;
				INFOPLIST_FILE = NearbyTrendingUITests/Info.plist;
				LD_RUNPATH_SEARCH_PATHS = "$(inherited) @executable_path/Frameworks @loader_path/Frameworks";
				PRODUCT_BUNDLE_IDENTIFIER = com.bunkar.NearbyTrendingUITests;
				PRODUCT_NAME = "$(TARGET_NAME)";
				TARGETED_DEVICE_FAMILY = "1,2";
				TEST_TARGET_NAME = NearbyTrending;
			};
			name = Release;
		};
/* End XCBuildConfiguration section */

/* Begin XCConfigurationList section */
		04919BEB200525A600414879 /* Build configuration list for PBXProject "NearbyTrending" */ = {
			isa = XCConfigurationList;
			buildConfigurations = (
				04919C1A200525A700414879 /* Debug */,
				04919C1B200525A700414879 /* Release */,
			);
			defaultConfigurationIsVisible = 0;
			defaultConfigurationName = Release;
		};
		04919C1C200525A700414879 /* Build configuration list for PBXNativeTarget "NearbyTrending" */ = {
			isa = XCConfigurationList;
			buildConfigurations = (
				04919C1D200525A700414879 /* Debug */,
				04919C1E200525A700414879 /* Release */,
			);
			defaultConfigurationIsVisible = 0;
			defaultConfigurationName = Release;
		};
		04919C1F200525A700414879 /* Build configuration list for PBXNativeTarget "NearbyTrendingTests" */ = {
			isa = XCConfigurationList;
			buildConfigurations = (
				04919C20200525A700414879 /* Debug */,
				04919C21200525A700414879 /* Release */,
			);
			defaultConfigurationIsVisible = 0;
			defaultConfigurationName = Release;
		};
		04919C22200525A700414879 /* Build configuration list for PBXNativeTarget "NearbyTrendingUITests" */ = {
			isa = XCConfigurationList;
			buildConfigurations = (
				04919C23200525A700414879 /* Debug */,
				04919C24200525A700414879 /* Release */,
			);
			defaultConfigurationIsVisible = 0;
			defaultConfigurationName = Release;
		};
/* End XCConfigurationList section */
	};
	rootObject = 04919BE8200525A600414879 /* Project object */;
}
